
Microsoft Visual Studio Solution File, Format Version 12.00
# Visual Studio Version 17
VisualStudioVersion = 17.4.33205.214
MinimumVisualStudioVersion = 10.0.40219.1
Project("{9A19103F-16F7-4668-BE54-9A1E7A4F7556}") = "HotelListing.api", "HotelListing.api\HotelListing.api.csproj", "{FD3CF836-0B88-40CE-BA7E-866EE2508380}"
EndProject
Project("{FAE04EC0-301F-11D3-BF4B-00C04F79EFBC}") = "HostelListing.minimalAPI", "HostelListing.minimalAPI\HostelListing.minimalAPI.csproj", "{4AAE2045-05A2-4941-9A4D-105ABCB53F8B}"
EndProject
Global
	GlobalSection(SolutionConfigurationPlatforms) = preSolution
		Debug|Any CPU = Debug|Any CPU
		Release|Any CPU = Release|Any CPU
	EndGlobalSection
	GlobalSection(ProjectConfigurationPlatforms) = postSolution
		{FD3CF836-0B88-40CE-BA7E-866EE2508380}.Debug|Any CPU.ActiveCfg = Debug|Any CPU
		{FD3CF836-0B88-40CE-BA7E-866EE2508380}.Debug|Any CPU.Build.0 = Debug|Any CPU
		{FD3CF836-0B88-40CE-BA7E-866EE2508380}.Release|Any CPU.ActiveCfg = Release|Any CPU
		{FD3CF836-0B88-40CE-BA7E-866EE2508380}.Release|Any CPU.Build.0 = Release|Any CPU
		{4AAE2045-05A2-4941-9A4D-105ABCB53F8B}.Debug|Any CPU.ActiveCfg = Debug|Any CPU
		{4AAE2045-05A2-4941-9A4D-105ABCB53F8B}.Debug|Any CPU.Build.0 = Debug|Any CPU
		{4AAE2045-05A2-4941-9A4D-105ABCB53F8B}.Release|Any CPU.ActiveCfg = Release|Any CPU
		{4AAE2045-05A2-4941-9A4D-105ABCB53F8B}.Release|Any CPU.Build.0 = Release|Any CPU
	EndGlobalSection
	GlobalSection(SolutionProperties) = preSolution
		HideSolutionNode = FALSE
	EndGlobalSection
	GlobalSection(ExtensibilityGlobals) = postSolution
		SolutionGuid = {19A6F85B-27B7-48DF-8D70-BC9B88B4B586}
	EndGlobalSection
EndGlobal
